
Microsoft Visual Studio Solution File, Format Version 12.00
# Visual Studio Version 17
VisualStudioVersion = 17.6.33829.357
MinimumVisualStudioVersion = 10.0.40219.1
Project("{9A19103F-16F7-4668-BE54-9A1E7A4F7556}") = "BigBangIII_Api", "BigBangIII_Api\BigBangIII_Api.csproj", "{A0C27961-DF94-4229-8984-D9E884CA42AA}"
EndProject
Project("{FAE04EC0-301F-11D3-BF4B-00C04F79EFBC}") = "MockTest", "MockTest\MockTest.csproj", "{D410C0BB-80D7-4330-BC10-77DE8BD17620}"
EndProject
Global
	GlobalSection(SolutionConfigurationPlatforms) = preSolution
		Debug|Any CPU = Debug|Any CPU
		Release|Any CPU = Release|Any CPU
	EndGlobalSection
	GlobalSection(ProjectConfigurationPlatforms) = postSolution
		{A0C27961-DF94-4229-8984-D9E884CA42AA}.Debug|Any CPU.ActiveCfg = Debug|Any CPU
		{A0C27961-DF94-4229-8984-D9E884CA42AA}.Debug|Any CPU.Build.0 = Debug|Any CPU
		{A0C27961-DF94-4229-8984-D9E884CA42AA}.Release|Any CPU.ActiveCfg = Release|Any CPU
		{A0C27961-DF94-4229-8984-D9E884CA42AA}.Release|Any CPU.Build.0 = Release|Any CPU
		{D410C0BB-80D7-4330-BC10-77DE8BD17620}.Debug|Any CPU.ActiveCfg = Debug|Any CPU
		{D410C0BB-80D7-4330-BC10-77DE8BD17620}.Debug|Any CPU.Build.0 = Debug|Any CPU
		{D410C0BB-80D7-4330-BC10-77DE8BD17620}.Release|Any CPU.ActiveCfg = Release|Any CPU
		{D410C0BB-80D7-4330-BC10-77DE8BD17620}.Release|Any CPU.Build.0 = Release|Any CPU
	EndGlobalSection
	GlobalSection(SolutionProperties) = preSolution
		HideSolutionNode = FALSE
	EndGlobalSection
	GlobalSection(ExtensibilityGlobals) = postSolution
		SolutionGuid = {4BF9BC1B-F0AB-405E-AE20-CCE322237241}
	EndGlobalSection
EndGlobal
